
Microsoft Visual Studio Solution File, Format Version 12.00
# Visual Studio Version 17
VisualStudioVersion = 17.4.33205.214
MinimumVisualStudioVersion = 10.0.40219.1
Project("{FAE04EC0-301F-11D3-BF4B-00C04F79EFBC}") = "BulkyBook.Web", "BulkyBook.Web\BulkyBook.Web.csproj", "{6F486186-49EB-4E9E-B56E-A0DAB4CB4968}"
EndProject
Global
	GlobalSection(SolutionConfigurationPlatforms) = preSolution
		Debug|Any CPU = Debug|Any CPU
		Release|Any CPU = Release|Any CPU
	EndGlobalSection
	GlobalSection(ProjectConfigurationPlatforms) = postSolution
		{6F486186-49EB-4E9E-B56E-A0DAB4CB4968}.Debug|Any CPU.ActiveCfg = Debug|Any CPU
		{6F486186-49EB-4E9E-B56E-A0DAB4CB4968}.Debug|Any CPU.Build.0 = Debug|Any CPU
		{6F486186-49EB-4E9E-B56E-A0DAB4CB4968}.Release|Any CPU.ActiveCfg = Release|Any CPU
		{6F486186-49EB-4E9E-B56E-A0DAB4CB4968}.Release|Any CPU.Build.0 = Release|Any CPU
	EndGlobalSection
	GlobalSection(SolutionProperties) = preSolution
		HideSolutionNode = FALSE
	EndGlobalSection
	GlobalSection(ExtensibilityGlobals) = postSolution
		SolutionGuid = {F0469ECF-1FEF-4FA1-9699-1E23550AD933}
	EndGlobalSection
EndGlobal
